<?xml version="1.0" encoding="utf-8"?>
<Project ToolsVersion="4.0" xmlns="http://schemas.microsoft.com/developer/msbuild/2003">
  <ItemGroup>
    <Filter Include="Source Files">
      <UniqueIdentifier>{4FC737F1-C7A5-4376-A066-2A32D752A2FF}</UniqueIdentifier>
      <Extensions>cpp;c;cc;cxx;def;odl;idl;hpj;bat;asm;asmx</Extensions>
    </Filter>
    <Filter Include="Header Files">
      <UniqueIdentifier>{93995380-89BD-4b04-88EB-625FBE52EBFB}</UniqueIdentifier>
      <Extensions>h;hh;hpp;hxx;hm;inl;inc;ipp;xsd</Extensions>
    </Filter>
    <Filter Include="Resource Files">
      <UniqueIdentifier>{67DA6AB6-F800-4c08-8B7A-83BB121AAD01}</UniqueIdentifier>
      <Extensions>rc;ico;cur;bmp;dlg;rc2;rct;bin;rgs;gif;jpg;jpeg;jpe;resx;tiff;tif;png;wav;mfcribbon-ms</Extensions>
    </Filter>
    <Filter Include="Header Files\Enums">
      <UniqueIdentifier>{89543540-ea25-4e75-9f0a-a7f3a05c207b}</UniqueIdentifier>
    </Filter>
    <Filter Include="Header Files\Utils">
      <UniqueIdentifier>{adec277f-a1d1-42aa-91d3-2b60f001894b}</UniqueIdentifier>
    </Filter>
    <Filter Include="Header Files\Parser">
      <UniqueIdentifier>{07a14c0e-ece1-4fbe-b8f4-8ba4aff32dba}</UniqueIdentifier>
    </Filter>
    <Filter Include="Source Files\Parser">
      <UniqueIdentifier>{4c2a9cd8-f045-4108-838e-7abf3fdff1f9}</UniqueIdentifier>
    </Filter>
    <Filter Include="Source Files\Utils">
      <UniqueIdentifier>{5db125e6-0436-48df-b093-a0ad713f1bf9}</UniqueIdentifier>
    </Filter>
  </ItemGroup>
  <ItemGroup>
    <ClCompile Include="main.cpp">
      <Filter>Source Files</Filter>
    </ClCompile>
    <ClCompile Include="LexicalParser.cpp">
      <Filter>Source Files\Parser</Filter>
    </ClCompile>
    <ClCompile Include="SyntacticParser.cpp">
      <Filter>Source Files\Parser</Filter>
    </ClCompile>
    <ClCompile Include="Node.cpp">
      <Filter>Source Files\Parser</Filter>
    </ClCompile>
    <ClCompile Include="Utils.cpp">
      <Filter>Source Files\Utils</Filter>
    </ClCompile>
    <ClCompile Include="ArgumentsParsing.cpp">
      <Filter>Source Files\Utils</Filter>
    </ClCompile>
    <ClCompile Include="ArithmeticParserApi.cpp">
      <Filter>Source Files\Utils</Filter>
    </ClCompile>
    <ClCompile Include="ErrorData.cpp">
      <Filter>Source Files\Parser</Filter>
    </ClCompile>
    <ClCompile Include="Token.cpp">
      <Filter>Source Files\Parser</Filter>
    </ClCompile>
  </ItemGroup>
  <ItemGroup>
    <ClInclude Include="TokenType.h">
      <Filter>Header Files\Enums</Filter>
    </ClInclude>
    <ClInclude Include="ParenthesisType.h">
      <Filter>Header Files\Enums</Filter>
    </ClInclude>
    <ClInclude Include="ErrorCode.h">
      <Filter>Header Files\Enums</Filter>
    </ClInclude>
    <ClInclude Include="ParenthesisSide.h">
      <Filter>Header Files\Enums</Filter>
    </ClInclude>
    <ClInclude Include="Version.h">
      <Filter>Header Files\Utils</Filter>
    </ClInclude>
    <ClInclude Include="resource.h">
      <Filter>Header Files\Utils</Filter>
    </ClInclude>
    <ClInclude Include="ArgumentsParsing.h">
      <Filter>Header Files\Utils</Filter>
    </ClInclude>
    <ClInclude Include="Token.h">
      <Filter>Header Files\Parser</Filter>
    </ClInclude>
    <ClInclude Include="SyntacticParser.h">
      <Filter>Header Files\Parser</Filter>
    </ClInclude>
    <ClInclude Include="LexicalParser.h">
      <Filter>Header Files\Parser</Filter>
    </ClInclude>
    <ClInclude Include="ErrorData.h">
      <Filter>Header Files\Parser</Filter>
    </ClInclude>
    <ClInclude Include="Node.h">
      <Filter>Header Files\Parser</Filter>
    </ClInclude>
    <ClInclude Include="BuiltinFunctionType.h">
      <Filter>Header Files\Enums</Filter>
    </ClInclude>
    <ClInclude Include="CmdOption.h">
      <Filter>Header Files\Enums</Filter>
    </ClInclude>
    <ClInclude Include="ConstantType.h">
      <Filter>Header Files\Enums</Filter>
    </ClInclude>
    <ClInclude Include="ArithmeticParserApi.h">
      <Filter>Header Files\Utils</Filter>
    </ClInclude>
  </ItemGroup>
  <ItemGroup>
    <Text Include="Help.txt">
      <Filter>Resource Files</Filter>
    </Text>
    <Text Include="ErrorCodeDescription.txt">
      <Filter>Resource Files</Filter>
    </Text>
  </ItemGroup>
  <ItemGroup>
    <ResourceCompile Include="ArithmeticParser.rc">
      <Filter>Resource Files</Filter>
    </ResourceCompile>
  </ItemGroup>
  <ItemGroup>
    <None Include="Utils.h">
      <Filter>Header Files\Utils</Filter>
    </None>
  </ItemGroup>
</Project>